
Microsoft Visual Studio Solution File, Format Version 12.00
Project("{FAE04EC0-301F-11D3-BF4B-00C04F79EFBC}") = "SerializationScenarios", "SerializationScenarios\SerializationScenarios.csproj", "{38F999C3-7BAC-484C-A775-60E40A93141E}"
EndProject
Global
	GlobalSection(SolutionConfigurationPlatforms) = preSolution
		Debug|Any CPU = Debug|Any CPU
		Release|Any CPU = Release|Any CPU
	EndGlobalSection
	GlobalSection(ProjectConfigurationPlatforms) = postSolution
		{38F999C3-7BAC-484C-A775-60E40A93141E}.Debug|Any CPU.ActiveCfg = Debug|Any CPU
		{38F999C3-7BAC-484C-A775-60E40A93141E}.Debug|Any CPU.Build.0 = Debug|Any CPU
		{38F999C3-7BAC-484C-A775-60E40A93141E}.Release|Any CPU.ActiveCfg = Release|Any CPU
		{38F999C3-7BAC-484C-A775-60E40A93141E}.Release|Any CPU.Build.0 = Release|Any CPU
	EndGlobalSection
EndGlobal
